{
	"version": "0.2.23",
	"lockfileVersion": 1,
	"requires": true,
	"dependencies": {
		"neo-async": {
			"version": "2.6.2",
			"resolved": "https://registry.npmmirror.com/neo-async/-/neo-async-2.6.2.tgz",
			"integrity": "sha512-Yd3UES5mWCSqR+qNT93S3UoYUkqAZ9lLg8a7g9rimsWmYGK8cVToA4/sF3RrshdyV3sAGMXVUmpMYOw+dLpOuw==",
			"dev": true
		},
		"sass-loader": {
			"version": "13.3.2",
			"resolved": "https://registry.npmmirror.com/sass-loader/-/sass-loader-13.3.2.tgz",
			"integrity": "sha512-CQbKl57kdEv+KDLquhC+gE3pXt74LEAzm+tzywcA0/aHZuub8wTErbjAoNI57rPUWRYRNC5WUnNl8eGJNbDdwg==",
			"dev": true,
			"requires": {
				"neo-async": "^2.6.2"
			}
		},
		"uview-ui": {
			"version": "2.0.36",
			"resolved": "https://registry.npmmirror.com/uview-ui/-/uview-ui-2.0.36.tgz",
			"integrity": "sha512-ASSZT6M8w3GTO1eFPbsgEFV0U5UujK+8pTNr+MSUbRNcRMC1u63DDTLJVeArV91kWM0bfAexK3SK9pnTqF9TtA=="
		}
	}
}
